
Microsoft Visual Studio Solution File, Format Version 12.00
# Visual Studio 15
VisualStudioVersion = 15.0.28307.168
MinimumVisualStudioVersion = 10.0.40219.1
Project("{9A19103F-16F7-4668-BE54-9A1E7A4F7556}") = "NetGram", "NetGram\NetGram.csproj", "{26E9A199-8A09-4B4D-AC96-E0E866E4EF7D}"
EndProject
Project("{FAE04EC0-301F-11D3-BF4B-00C04F79EFBC}") = "NetGramTDD", "NetGramTDD\NetGramTDD.csproj", "{BC17933E-0739-41B9-8E0F-3D3951361571}"
EndProject
Global
	GlobalSection(SolutionConfigurationPlatforms) = preSolution
		Debug|Any CPU = Debug|Any CPU
		Release|Any CPU = Release|Any CPU
	EndGlobalSection
	GlobalSection(ProjectConfigurationPlatforms) = postSolution
		{26E9A199-8A09-4B4D-AC96-E0E866E4EF7D}.Debug|Any CPU.ActiveCfg = Debug|Any CPU
		{26E9A199-8A09-4B4D-AC96-E0E866E4EF7D}.Debug|Any CPU.Build.0 = Debug|Any CPU
		{26E9A199-8A09-4B4D-AC96-E0E866E4EF7D}.Release|Any CPU.ActiveCfg = Release|Any CPU
		{26E9A199-8A09-4B4D-AC96-E0E866E4EF7D}.Release|Any CPU.Build.0 = Release|Any CPU
		{BC17933E-0739-41B9-8E0F-3D3951361571}.Debug|Any CPU.ActiveCfg = Debug|Any CPU
		{BC17933E-0739-41B9-8E0F-3D3951361571}.Debug|Any CPU.Build.0 = Debug|Any CPU
		{BC17933E-0739-41B9-8E0F-3D3951361571}.Release|Any CPU.ActiveCfg = Release|Any CPU
		{BC17933E-0739-41B9-8E0F-3D3951361571}.Release|Any CPU.Build.0 = Release|Any CPU
	EndGlobalSection
	GlobalSection(SolutionProperties) = preSolution
		HideSolutionNode = FALSE
	EndGlobalSection
	GlobalSection(ExtensibilityGlobals) = postSolution
		SolutionGuid = {ABA48CA8-1836-4FA0-BC65-F6278A9259F8}
	EndGlobalSection
EndGlobal
